
Microsoft Visual Studio Solution File, Format Version 12.00
# Visual Studio 15
VisualStudioVersion = 15.0.27130.2036
MinimumVisualStudioVersion = 10.0.40219.1
Project("{9A19103F-16F7-4668-BE54-9A1E7A4F7556}") = "RDotNet.x", "R.NET\RDotNet.x.csproj", "{A3E43714-78B6-4F35-BE44-6BEF51793DC6}"
EndProject
Project("{9A19103F-16F7-4668-BE54-9A1E7A4F7556}") = "RDotNet.NativeLibrary.x", "RDotNet.NativeLibrary\RDotNet.NativeLibrary.x.csproj", "{371FA58A-FB83-416A-880A-B2B8B68B19E2}"
EndProject
Project("{9A19103F-16F7-4668-BE54-9A1E7A4F7556}") = "RDotNet.Graphics.x", "RDotNet.Graphics\RDotNet.Graphics.x.csproj", "{5544E106-360A-4E5E-A36E-56B45D559FB5}"
EndProject
Project("{9A19103F-16F7-4668-BE54-9A1E7A4F7556}") = "RDotNet.Tests.x", "RDotNet.Tests\RDotNet.Tests.x.csproj", "{2EDBBAD3-86AE-4BF2-B7FB-2FB40455EBDC}"
EndProject
Project("{9A19103F-16F7-4668-BE54-9A1E7A4F7556}") = "RDotNet.TestBase.x", "RDotNet.TestBase\RDotNet.TestBase.x.csproj", "{0AB570CF-A2A4-4B76-BC71-B5D0231163B7}"
EndProject
Project("{2150E333-8FDC-42A3-9474-1A3956D46DE8}") = "tests", "tests", "{023739E6-6B3E-4CE3-9386-DD8C898739A7}"
EndProject
Project("{2150E333-8FDC-42A3-9474-1A3956D46DE8}") = "src", "src", "{3ADF9A52-B20C-4713-BA4F-FA05EDBDDDEE}"
EndProject
Global
	GlobalSection(SolutionConfigurationPlatforms) = preSolution
		Debug|Any CPU = Debug|Any CPU
		Release|Any CPU = Release|Any CPU
	EndGlobalSection
	GlobalSection(ProjectConfigurationPlatforms) = postSolution
		{A3E43714-78B6-4F35-BE44-6BEF51793DC6}.Debug|Any CPU.ActiveCfg = Debug|Any CPU
		{A3E43714-78B6-4F35-BE44-6BEF51793DC6}.Debug|Any CPU.Build.0 = Debug|Any CPU
		{A3E43714-78B6-4F35-BE44-6BEF51793DC6}.Release|Any CPU.ActiveCfg = Release|Any CPU
		{A3E43714-78B6-4F35-BE44-6BEF51793DC6}.Release|Any CPU.Build.0 = Release|Any CPU
		{371FA58A-FB83-416A-880A-B2B8B68B19E2}.Debug|Any CPU.ActiveCfg = Debug|Any CPU
		{371FA58A-FB83-416A-880A-B2B8B68B19E2}.Debug|Any CPU.Build.0 = Debug|Any CPU
		{371FA58A-FB83-416A-880A-B2B8B68B19E2}.Release|Any CPU.ActiveCfg = Release|Any CPU
		{371FA58A-FB83-416A-880A-B2B8B68B19E2}.Release|Any CPU.Build.0 = Release|Any CPU
		{5544E106-360A-4E5E-A36E-56B45D559FB5}.Debug|Any CPU.ActiveCfg = Debug|Any CPU
		{5544E106-360A-4E5E-A36E-56B45D559FB5}.Debug|Any CPU.Build.0 = Debug|Any CPU
		{5544E106-360A-4E5E-A36E-56B45D559FB5}.Release|Any CPU.ActiveCfg = Release|Any CPU
		{5544E106-360A-4E5E-A36E-56B45D559FB5}.Release|Any CPU.Build.0 = Release|Any CPU
		{2EDBBAD3-86AE-4BF2-B7FB-2FB40455EBDC}.Debug|Any CPU.ActiveCfg = Debug|Any CPU
		{2EDBBAD3-86AE-4BF2-B7FB-2FB40455EBDC}.Debug|Any CPU.Build.0 = Debug|Any CPU
		{2EDBBAD3-86AE-4BF2-B7FB-2FB40455EBDC}.Release|Any CPU.ActiveCfg = Release|Any CPU
		{2EDBBAD3-86AE-4BF2-B7FB-2FB40455EBDC}.Release|Any CPU.Build.0 = Release|Any CPU
		{0AB570CF-A2A4-4B76-BC71-B5D0231163B7}.Debug|Any CPU.ActiveCfg = Debug|Any CPU
		{0AB570CF-A2A4-4B76-BC71-B5D0231163B7}.Debug|Any CPU.Build.0 = Debug|Any CPU
		{0AB570CF-A2A4-4B76-BC71-B5D0231163B7}.Release|Any CPU.ActiveCfg = Release|Any CPU
		{0AB570CF-A2A4-4B76-BC71-B5D0231163B7}.Release|Any CPU.Build.0 = Release|Any CPU
	EndGlobalSection
	GlobalSection(SolutionProperties) = preSolution
		HideSolutionNode = FALSE
	EndGlobalSection
	GlobalSection(NestedProjects) = preSolution
		{A3E43714-78B6-4F35-BE44-6BEF51793DC6} = {3ADF9A52-B20C-4713-BA4F-FA05EDBDDDEE}
		{371FA58A-FB83-416A-880A-B2B8B68B19E2} = {3ADF9A52-B20C-4713-BA4F-FA05EDBDDDEE}
		{5544E106-360A-4E5E-A36E-56B45D559FB5} = {3ADF9A52-B20C-4713-BA4F-FA05EDBDDDEE}
		{2EDBBAD3-86AE-4BF2-B7FB-2FB40455EBDC} = {023739E6-6B3E-4CE3-9386-DD8C898739A7}
		{0AB570CF-A2A4-4B76-BC71-B5D0231163B7} = {023739E6-6B3E-4CE3-9386-DD8C898739A7}
	EndGlobalSection
	GlobalSection(ExtensibilityGlobals) = postSolution
		SolutionGuid = {02B3179B-DE96-48D4-8E7F-179A73DBF606}
	EndGlobalSection
EndGlobal
