
Microsoft Visual Studio Solution File, Format Version 12.00
# Visual Studio 15
VisualStudioVersion = 15.0.27130.2036
MinimumVisualStudioVersion = 10.0.40219.1
Project("{9A19103F-16F7-4668-BE54-9A1E7A4F7556}") = "RDotNet.x", "R.NET\RDotNet.x.csproj", "{A3E43714-78B6-4F35-BE44-6BEF51793DC6}"
EndProject
Project("{9A19103F-16F7-4668-BE54-9A1E7A4F7556}") = "RDotNet.NativeLibrary.x", "RDotNet.NativeLibrary\RDotNet.NativeLibrary.x.csproj", "{371FA58A-FB83-416A-880A-B2B8B68B19E2}"
EndProject
Project("{9A19103F-16F7-4668-BE54-9A1E7A4F7556}") = "RDotNet.Graphics.x", "RDotNet.Graphics\RDotNet.Graphics.x.csproj", "{5544E106-360A-4E5E-A36E-56B45D559FB5}"
EndProject
Global
	GlobalSection(SolutionConfigurationPlatforms) = preSolution
		Debug|Any CPU = Debug|Any CPU
		Release|Any CPU = Release|Any CPU
	EndGlobalSection
	GlobalSection(ProjectConfigurationPlatforms) = postSolution
		{A3E43714-78B6-4F35-BE44-6BEF51793DC6}.Debug|Any CPU.ActiveCfg = Debug|Any CPU
		{A3E43714-78B6-4F35-BE44-6BEF51793DC6}.Debug|Any CPU.Build.0 = Debug|Any CPU
		{A3E43714-78B6-4F35-BE44-6BEF51793DC6}.Release|Any CPU.ActiveCfg = Release|Any CPU
		{A3E43714-78B6-4F35-BE44-6BEF51793DC6}.Release|Any CPU.Build.0 = Release|Any CPU
		{371FA58A-FB83-416A-880A-B2B8B68B19E2}.Debug|Any CPU.ActiveCfg = Debug|Any CPU
		{371FA58A-FB83-416A-880A-B2B8B68B19E2}.Debug|Any CPU.Build.0 = Debug|Any CPU
		{371FA58A-FB83-416A-880A-B2B8B68B19E2}.Release|Any CPU.ActiveCfg = Release|Any CPU
		{371FA58A-FB83-416A-880A-B2B8B68B19E2}.Release|Any CPU.Build.0 = Release|Any CPU
		{5544E106-360A-4E5E-A36E-56B45D559FB5}.Debug|Any CPU.ActiveCfg = Debug|Any CPU
		{5544E106-360A-4E5E-A36E-56B45D559FB5}.Debug|Any CPU.Build.0 = Debug|Any CPU
		{5544E106-360A-4E5E-A36E-56B45D559FB5}.Release|Any CPU.ActiveCfg = Release|Any CPU
		{5544E106-360A-4E5E-A36E-56B45D559FB5}.Release|Any CPU.Build.0 = Release|Any CPU
	EndGlobalSection
	GlobalSection(SolutionProperties) = preSolution
		HideSolutionNode = FALSE
	EndGlobalSection
	GlobalSection(ExtensibilityGlobals) = postSolution
		SolutionGuid = {02B3179B-DE96-48D4-8E7F-179A73DBF606}
	EndGlobalSection
EndGlobal
