Microsoft Visual Studio Solution File, Format Version 12.00
# Visual Studio 2012
Project("{FAE04EC0-301F-11D3-BF4B-00C04F79EFBC}") = "RDotNet", "R.NET\RDotNet.csproj", "{0923E1A0-2032-4997-AB73-49E42C4034A9}"
EndProject
Project("{FAE04EC0-301F-11D3-BF4B-00C04F79EFBC}") = "RDotNet.NativeLibrary", "RDotNet.NativeLibrary\RDotNet.NativeLibrary.csproj", "{2A089A59-0F22-4484-B442-0FE8BDA10879}"
EndProject
Project("{F2A71F9B-5D33-465A-A702-920D77279786}") = "RDotNet.FSharp", "RDotNet.FSharp\RDotNet.FSharp.fsproj", "{FE745BFD-793D-4B05-B0EE-BEA4D5E3C0A6}"
EndProject
Project("{2150E333-8FDC-42A3-9474-1A3956D46DE8}") = "build", "build", "{C938B6B9-1060-4540-A76E-C380E02C4E48}"
	ProjectSection(SolutionItems) = preProject
		tools\build.fsx = tools\build.fsx
	EndProjectSection
EndProject
Project("{FAE04EC0-301F-11D3-BF4B-00C04F79EFBC}") = "RDotNet.Graphics", "RDotNet.Graphics\RDotNet.Graphics.csproj", "{BCADF6CF-2D63-4BD7-BC28-F0AC4F98AE78}"
EndProject
Global
	GlobalSection(SolutionConfigurationPlatforms) = preSolution
		Debug|Any CPU = Debug|Any CPU
		Release|Any CPU = Release|Any CPU
	EndGlobalSection
	GlobalSection(ProjectConfigurationPlatforms) = postSolution
		{0923E1A0-2032-4997-AB73-49E42C4034A9}.Debug|Any CPU.ActiveCfg = Debug|Any CPU
		{0923E1A0-2032-4997-AB73-49E42C4034A9}.Debug|Any CPU.Build.0 = Debug|Any CPU
		{0923E1A0-2032-4997-AB73-49E42C4034A9}.Release|Any CPU.ActiveCfg = Release|Any CPU
		{0923E1A0-2032-4997-AB73-49E42C4034A9}.Release|Any CPU.Build.0 = Release|Any CPU
		{2A089A59-0F22-4484-B442-0FE8BDA10879}.Debug|Any CPU.ActiveCfg = Debug|Any CPU
		{2A089A59-0F22-4484-B442-0FE8BDA10879}.Debug|Any CPU.Build.0 = Debug|Any CPU
		{2A089A59-0F22-4484-B442-0FE8BDA10879}.Release|Any CPU.ActiveCfg = Release|Any CPU
		{2A089A59-0F22-4484-B442-0FE8BDA10879}.Release|Any CPU.Build.0 = Release|Any CPU
		{FE745BFD-793D-4B05-B0EE-BEA4D5E3C0A6}.Debug|Any CPU.ActiveCfg = Debug|Any CPU
		{FE745BFD-793D-4B05-B0EE-BEA4D5E3C0A6}.Debug|Any CPU.Build.0 = Debug|Any CPU
		{FE745BFD-793D-4B05-B0EE-BEA4D5E3C0A6}.Release|Any CPU.ActiveCfg = Release|Any CPU
		{FE745BFD-793D-4B05-B0EE-BEA4D5E3C0A6}.Release|Any CPU.Build.0 = Release|Any CPU
		{BCADF6CF-2D63-4BD7-BC28-F0AC4F98AE78}.Debug|Any CPU.ActiveCfg = Debug|Any CPU
		{BCADF6CF-2D63-4BD7-BC28-F0AC4F98AE78}.Debug|Any CPU.Build.0 = Debug|Any CPU
		{BCADF6CF-2D63-4BD7-BC28-F0AC4F98AE78}.Release|Any CPU.ActiveCfg = Release|Any CPU
		{BCADF6CF-2D63-4BD7-BC28-F0AC4F98AE78}.Release|Any CPU.Build.0 = Release|Any CPU
	EndGlobalSection
	GlobalSection(SolutionProperties) = preSolution
		HideSolutionNode = FALSE
	EndGlobalSection
	GlobalSection(MonoDevelopProperties) = preSolution
		StartupItem = R.NET\R.NET.csproj
	EndGlobalSection
EndGlobal
