
Microsoft Visual Studio Solution File, Format Version 12.00
# Visual Studio Version 16
VisualStudioVersion = 16.0.28803.156
MinimumVisualStudioVersion = 10.0.40219.1
Project("{FAE04EC0-301F-11D3-BF4B-00C04F79EFBC}") = "NframeworkAppNugetDep", "NframeworkAppNugetDep\NframeworkAppNugetDep.csproj", "{C0DAF043-35E2-4791-8F49-0F8CCB6033D0}"
EndProject
Project("{9A19103F-16F7-4668-BE54-9A1E7A4F7556}") = "NcAppNugetDep", "NcAppNugetDep\NcAppNugetDep.csproj", "{87235ED0-C154-4B43-AB0A-9F9CB08F8D71}"
EndProject
Project("{FAE04EC0-301F-11D3-BF4B-00C04F79EFBC}") = "NfTransitionalPackage", "NfTransitionalPackage\NfTransitionalPackage.csproj", "{23CDCFD2-2FF3-4B0D-86D9-089A7C26CC5F}"
EndProject
Global
	GlobalSection(SolutionConfigurationPlatforms) = preSolution
		Debug|Any CPU = Debug|Any CPU
		Release|Any CPU = Release|Any CPU
	EndGlobalSection
	GlobalSection(ProjectConfigurationPlatforms) = postSolution
		{C0DAF043-35E2-4791-8F49-0F8CCB6033D0}.Debug|Any CPU.ActiveCfg = Debug|Any CPU
		{C0DAF043-35E2-4791-8F49-0F8CCB6033D0}.Debug|Any CPU.Build.0 = Debug|Any CPU
		{C0DAF043-35E2-4791-8F49-0F8CCB6033D0}.Release|Any CPU.ActiveCfg = Release|Any CPU
		{C0DAF043-35E2-4791-8F49-0F8CCB6033D0}.Release|Any CPU.Build.0 = Release|Any CPU
		{87235ED0-C154-4B43-AB0A-9F9CB08F8D71}.Debug|Any CPU.ActiveCfg = Debug|Any CPU
		{87235ED0-C154-4B43-AB0A-9F9CB08F8D71}.Debug|Any CPU.Build.0 = Debug|Any CPU
		{87235ED0-C154-4B43-AB0A-9F9CB08F8D71}.Release|Any CPU.ActiveCfg = Release|Any CPU
		{87235ED0-C154-4B43-AB0A-9F9CB08F8D71}.Release|Any CPU.Build.0 = Release|Any CPU
		{23CDCFD2-2FF3-4B0D-86D9-089A7C26CC5F}.Debug|Any CPU.ActiveCfg = Debug|Any CPU
		{23CDCFD2-2FF3-4B0D-86D9-089A7C26CC5F}.Debug|Any CPU.Build.0 = Debug|Any CPU
		{23CDCFD2-2FF3-4B0D-86D9-089A7C26CC5F}.Release|Any CPU.ActiveCfg = Release|Any CPU
		{23CDCFD2-2FF3-4B0D-86D9-089A7C26CC5F}.Release|Any CPU.Build.0 = Release|Any CPU
	EndGlobalSection
	GlobalSection(SolutionProperties) = preSolution
		HideSolutionNode = FALSE
	EndGlobalSection
	GlobalSection(ExtensibilityGlobals) = postSolution
		SolutionGuid = {90BC501D-0891-4C9C-BD4A-B98C99B06678}
	EndGlobalSection
EndGlobal
